
Microsoft Visual Studio Solution File, Format Version 12.00
# Visual Studio Version 17
VisualStudioVersion = 17.3.32811.315
MinimumVisualStudioVersion = 10.0.40219.1
Project("{FAE04EC0-301F-11D3-BF4B-00C04F79EFBC}") = "Back-End", "Back-End.csproj", "{2515DA08-99F1-41F1-9353-07449DD7F225}"
EndProject
Global
	GlobalSection(SolutionConfigurationPlatforms) = preSolution
		Debug|Any CPU = Debug|Any CPU
		Release|Any CPU = Release|Any CPU
	EndGlobalSection
	GlobalSection(ProjectConfigurationPlatforms) = postSolution
		{2515DA08-99F1-41F1-9353-07449DD7F225}.Debug|Any CPU.ActiveCfg = Debug|Any CPU
		{2515DA08-99F1-41F1-9353-07449DD7F225}.Debug|Any CPU.Build.0 = Debug|Any CPU
		{2515DA08-99F1-41F1-9353-07449DD7F225}.Release|Any CPU.ActiveCfg = Release|Any CPU
		{2515DA08-99F1-41F1-9353-07449DD7F225}.Release|Any CPU.Build.0 = Release|Any CPU
	EndGlobalSection
	GlobalSection(SolutionProperties) = preSolution
		HideSolutionNode = FALSE
	EndGlobalSection
	GlobalSection(ExtensibilityGlobals) = postSolution
		SolutionGuid = {C31C9C42-2B79-4575-99C4-E5568D4C4F47}
	EndGlobalSection
EndGlobal
